
Microsoft Visual Studio Solution File, Format Version 12.00
# Visual Studio Version 16
VisualStudioVersion = 25.0.1704.0
MinimumVisualStudioVersion = 10.0.40219.1
Project("{FAE04EC0-301F-11D3-BF4B-00C04F79EFBC}") = "Project10", "Project10\Project10.csproj", "{7218105C-B340-4B87-91D0-89F2BA02410C}"
EndProject
Project("{FAE04EC0-301F-11D3-BF4B-00C04F79EFBC}") = "Laba11", "Laba11\Laba11.csproj", "{C42FF44E-1D7A-4412-82D6-AE06085336F8}"
EndProject
Project("{FAE04EC0-301F-11D3-BF4B-00C04F79EFBC}") = "Laba12", "Laba12\Laba12.csproj", "{F252FAF2-DFA3-4C9A-9323-8C3B8B3B2A96}"
EndProject
Global
	GlobalSection(SolutionConfigurationPlatforms) = preSolution
		Debug|Any CPU = Debug|Any CPU
		Release|Any CPU = Release|Any CPU
	EndGlobalSection
	GlobalSection(ProjectConfigurationPlatforms) = postSolution
		{7218105C-B340-4B87-91D0-89F2BA02410C}.Debug|Any CPU.ActiveCfg = Debug|Any CPU
		{7218105C-B340-4B87-91D0-89F2BA02410C}.Debug|Any CPU.Build.0 = Debug|Any CPU
		{7218105C-B340-4B87-91D0-89F2BA02410C}.Release|Any CPU.ActiveCfg = Release|Any CPU
		{7218105C-B340-4B87-91D0-89F2BA02410C}.Release|Any CPU.Build.0 = Release|Any CPU
		{C42FF44E-1D7A-4412-82D6-AE06085336F8}.Debug|Any CPU.ActiveCfg = Debug|Any CPU
		{C42FF44E-1D7A-4412-82D6-AE06085336F8}.Debug|Any CPU.Build.0 = Debug|Any CPU
		{C42FF44E-1D7A-4412-82D6-AE06085336F8}.Release|Any CPU.ActiveCfg = Release|Any CPU
		{C42FF44E-1D7A-4412-82D6-AE06085336F8}.Release|Any CPU.Build.0 = Release|Any CPU
		{F252FAF2-DFA3-4C9A-9323-8C3B8B3B2A96}.Debug|Any CPU.ActiveCfg = Debug|Any CPU
		{F252FAF2-DFA3-4C9A-9323-8C3B8B3B2A96}.Debug|Any CPU.Build.0 = Debug|Any CPU
		{F252FAF2-DFA3-4C9A-9323-8C3B8B3B2A96}.Release|Any CPU.ActiveCfg = Release|Any CPU
		{F252FAF2-DFA3-4C9A-9323-8C3B8B3B2A96}.Release|Any CPU.Build.0 = Release|Any CPU
	EndGlobalSection
	GlobalSection(SolutionProperties) = preSolution
		HideSolutionNode = FALSE
	EndGlobalSection
	GlobalSection(ExtensibilityGlobals) = postSolution
		SolutionGuid = {6D1F2941-8EDC-439D-8D4D-F24ED7C720E6}
	EndGlobalSection
EndGlobal
